
Microsoft Visual Studio Solution File, Format Version 12.00
# Visual Studio Version 16
VisualStudioVersion = 16.0.29613.14
MinimumVisualStudioVersion = 10.0.40219.1
Project("{888888A0-9F3D-457C-B088-3A5042F75D52}") = "flask-react-mv", "flask-react-mv.pyproj", "{37C41BA4-21B6-42D5-B930-0F71A11F0D20}"
EndProject
Global
	GlobalSection(SolutionConfigurationPlatforms) = preSolution
		Debug|Any CPU = Debug|Any CPU
		Release|Any CPU = Release|Any CPU
	EndGlobalSection
	GlobalSection(ProjectConfigurationPlatforms) = postSolution
		{37C41BA4-21B6-42D5-B930-0F71A11F0D20}.Debug|Any CPU.ActiveCfg = Debug|Any CPU
		{37C41BA4-21B6-42D5-B930-0F71A11F0D20}.Debug|Any CPU.Build.0 = Debug|Any CPU
		{37C41BA4-21B6-42D5-B930-0F71A11F0D20}.Release|Any CPU.ActiveCfg = Release|Any CPU
		{37C41BA4-21B6-42D5-B930-0F71A11F0D20}.Release|Any CPU.Build.0 = Release|Any CPU
	EndGlobalSection
	GlobalSection(SolutionProperties) = preSolution
		HideSolutionNode = FALSE
	EndGlobalSection
	GlobalSection(ExtensibilityGlobals) = postSolution
		SolutionGuid = {39D6EF80-F11F-4BB3-BBCD-2E6CA46670EF}
	EndGlobalSection
EndGlobal
